
Microsoft Visual Studio Solution File, Format Version 12.00
# Visual Studio Version 16
VisualStudioVersion = 16.0.30711.63
MinimumVisualStudioVersion = 10.0.40219.1
Project("{FAE04EC0-301F-11D3-BF4B-00C04F79EFBC}") = "BlazorApp1.Server", "BlazorApp1\Server\BlazorApp1.Server.csproj", "{CA9DF52E-D9A9-4C6C-9263-0BD39084104E}"
EndProject
Project("{FAE04EC0-301F-11D3-BF4B-00C04F79EFBC}") = "BlazorApp1.Client", "BlazorApp1\Client\BlazorApp1.Client.csproj", "{383F21F8-7C1A-40CF-AC65-7E85ECBC2417}"
EndProject
Project("{FAE04EC0-301F-11D3-BF4B-00C04F79EFBC}") = "BlazorApp1.Shared", "BlazorApp1\Shared\BlazorApp1.Shared.csproj", "{D4826EEE-6A4C-4042-BDE8-E1ED4FE255D7}"
EndProject
Global
	GlobalSection(SolutionConfigurationPlatforms) = preSolution
		Debug|Any CPU = Debug|Any CPU
		Release|Any CPU = Release|Any CPU
	EndGlobalSection
	GlobalSection(ProjectConfigurationPlatforms) = postSolution
		{CA9DF52E-D9A9-4C6C-9263-0BD39084104E}.Debug|Any CPU.ActiveCfg = Debug|Any CPU
		{CA9DF52E-D9A9-4C6C-9263-0BD39084104E}.Debug|Any CPU.Build.0 = Debug|Any CPU
		{CA9DF52E-D9A9-4C6C-9263-0BD39084104E}.Release|Any CPU.ActiveCfg = Release|Any CPU
		{CA9DF52E-D9A9-4C6C-9263-0BD39084104E}.Release|Any CPU.Build.0 = Release|Any CPU
		{383F21F8-7C1A-40CF-AC65-7E85ECBC2417}.Debug|Any CPU.ActiveCfg = Debug|Any CPU
		{383F21F8-7C1A-40CF-AC65-7E85ECBC2417}.Debug|Any CPU.Build.0 = Debug|Any CPU
		{383F21F8-7C1A-40CF-AC65-7E85ECBC2417}.Release|Any CPU.ActiveCfg = Release|Any CPU
		{383F21F8-7C1A-40CF-AC65-7E85ECBC2417}.Release|Any CPU.Build.0 = Release|Any CPU
		{D4826EEE-6A4C-4042-BDE8-E1ED4FE255D7}.Debug|Any CPU.ActiveCfg = Debug|Any CPU
		{D4826EEE-6A4C-4042-BDE8-E1ED4FE255D7}.Debug|Any CPU.Build.0 = Debug|Any CPU
		{D4826EEE-6A4C-4042-BDE8-E1ED4FE255D7}.Release|Any CPU.ActiveCfg = Release|Any CPU
		{D4826EEE-6A4C-4042-BDE8-E1ED4FE255D7}.Release|Any CPU.Build.0 = Release|Any CPU
	EndGlobalSection
	GlobalSection(SolutionProperties) = preSolution
		HideSolutionNode = FALSE
	EndGlobalSection
	GlobalSection(ExtensibilityGlobals) = postSolution
		SolutionGuid = {592F5677-B569-4E1C-906E-AF7404A1CB8D}
	EndGlobalSection
EndGlobal
